
Microsoft Visual Studio Solution File, Format Version 12.00
# Visual Studio Version 17
VisualStudioVersion = 17.9.34728.123
MinimumVisualStudioVersion = 10.0.40219.1
Project("{FAE04EC0-301F-11D3-BF4B-00C04F79EFBC}") = "exercres3", "exercres3\exercres3.csproj", "{D06FD487-F3BB-469C-8EB4-C4DBDBC4A710}"
EndProject
Global
	GlobalSection(SolutionConfigurationPlatforms) = preSolution
		Debug|Any CPU = Debug|Any CPU
		Release|Any CPU = Release|Any CPU
	EndGlobalSection
	GlobalSection(ProjectConfigurationPlatforms) = postSolution
		{D06FD487-F3BB-469C-8EB4-C4DBDBC4A710}.Debug|Any CPU.ActiveCfg = Debug|Any CPU
		{D06FD487-F3BB-469C-8EB4-C4DBDBC4A710}.Debug|Any CPU.Build.0 = Debug|Any CPU
		{D06FD487-F3BB-469C-8EB4-C4DBDBC4A710}.Release|Any CPU.ActiveCfg = Release|Any CPU
		{D06FD487-F3BB-469C-8EB4-C4DBDBC4A710}.Release|Any CPU.Build.0 = Release|Any CPU
	EndGlobalSection
	GlobalSection(SolutionProperties) = preSolution
		HideSolutionNode = FALSE
	EndGlobalSection
	GlobalSection(ExtensibilityGlobals) = postSolution
		SolutionGuid = {6189FAE0-0DAC-4004-AC3A-049FF2AD5AD8}
	EndGlobalSection
EndGlobal
